
Microsoft Visual Studio Solution File, Format Version 12.00
# Visual Studio Version 17
VisualStudioVersion = 17.8.34309.116
MinimumVisualStudioVersion = 10.0.40219.1
Project("{FAE04EC0-301F-11D3-BF4B-00C04F79EFBC}") = "TaskAPI", "TaskAPI\TaskAPI.csproj", "{90304F68-5311-4C40-9D89-5B5B802F9173}"
EndProject
Project("{FAE04EC0-301F-11D3-BF4B-00C04F79EFBC}") = "BLL", "BLL\BLL.csproj", "{68707CFF-0934-4F78-A6E6-AC41003A8E98}"
EndProject
Project("{FAE04EC0-301F-11D3-BF4B-00C04F79EFBC}") = "DAL", "DAL\DAL.csproj", "{6E94A8E2-1491-447A-82C1-7072FAA993A5}"
EndProject
Project("{FAE04EC0-301F-11D3-BF4B-00C04F79EFBC}") = "Common", "Common\Common.csproj", "{B03C31D5-79A6-4917-8455-DD0C5397AF6B}"
EndProject
Global
	GlobalSection(SolutionConfigurationPlatforms) = preSolution
		Debug|Any CPU = Debug|Any CPU
		Release|Any CPU = Release|Any CPU
	EndGlobalSection
	GlobalSection(ProjectConfigurationPlatforms) = postSolution
		{90304F68-5311-4C40-9D89-5B5B802F9173}.Debug|Any CPU.ActiveCfg = Debug|Any CPU
		{90304F68-5311-4C40-9D89-5B5B802F9173}.Debug|Any CPU.Build.0 = Debug|Any CPU
		{90304F68-5311-4C40-9D89-5B5B802F9173}.Release|Any CPU.ActiveCfg = Release|Any CPU
		{90304F68-5311-4C40-9D89-5B5B802F9173}.Release|Any CPU.Build.0 = Release|Any CPU
		{68707CFF-0934-4F78-A6E6-AC41003A8E98}.Debug|Any CPU.ActiveCfg = Debug|Any CPU
		{68707CFF-0934-4F78-A6E6-AC41003A8E98}.Debug|Any CPU.Build.0 = Debug|Any CPU
		{68707CFF-0934-4F78-A6E6-AC41003A8E98}.Release|Any CPU.ActiveCfg = Release|Any CPU
		{68707CFF-0934-4F78-A6E6-AC41003A8E98}.Release|Any CPU.Build.0 = Release|Any CPU
		{6E94A8E2-1491-447A-82C1-7072FAA993A5}.Debug|Any CPU.ActiveCfg = Debug|Any CPU
		{6E94A8E2-1491-447A-82C1-7072FAA993A5}.Debug|Any CPU.Build.0 = Debug|Any CPU
		{6E94A8E2-1491-447A-82C1-7072FAA993A5}.Release|Any CPU.ActiveCfg = Release|Any CPU
		{6E94A8E2-1491-447A-82C1-7072FAA993A5}.Release|Any CPU.Build.0 = Release|Any CPU
		{B03C31D5-79A6-4917-8455-DD0C5397AF6B}.Debug|Any CPU.ActiveCfg = Debug|Any CPU
		{B03C31D5-79A6-4917-8455-DD0C5397AF6B}.Debug|Any CPU.Build.0 = Debug|Any CPU
		{B03C31D5-79A6-4917-8455-DD0C5397AF6B}.Release|Any CPU.ActiveCfg = Release|Any CPU
		{B03C31D5-79A6-4917-8455-DD0C5397AF6B}.Release|Any CPU.Build.0 = Release|Any CPU
	EndGlobalSection
	GlobalSection(SolutionProperties) = preSolution
		HideSolutionNode = FALSE
	EndGlobalSection
	GlobalSection(ExtensibilityGlobals) = postSolution
		SolutionGuid = {31644E44-B0CE-497A-9CCF-9260F282487C}
	EndGlobalSection
EndGlobal
